{
  "name": "fuck-js-algorithm",
  "version": "1.0.0",
  "lockfileVersion": 2,
  "requires": true,
  "packages": {
    "": {
      "version": "1.0.0",
      "license": "ISC",
      "dependencies": {
        "axios": "^0.19.2",
        "format-rmb": "^1.2.3",
        "node-fetch": "^2.6.1",
        "nzh": "^1.0.5",
        "pdfreader": "^1.2.10"
      },
      "devDependencies": {
        "react": "^18.2.0",
        "react-dom": "^18.2.0"
      }
    },
    "node_modules/axios": {
      "version": "0.19.2",
      "resolved": "http://artifactory.intra.xiaojukeji.com:80/artifactory/api/npm/npm/axios/download/axios-0.19.2.tgz",
      "integrity": "sha1-PqNsXYgY0NX4qKl6bTa4bNwAyyc=",
      "dependencies": {
        "follow-redirects": "1.5.10"
      }
    },
    "node_modules/debug": {
      "version": "3.1.0",
      "resolved": "http://artifactory.intra.xiaojukeji.com:80/artifactory/api/npm/npm/debug/download/debug-3.1.0.tgz",
      "integrity": "sha1-W7WgZyYotkFJVmuhaBnmFRjGcmE=",
      "dependencies": {
        "ms": "2.0.0"
      }
    },
    "node_modules/follow-redirects": {
      "version": "1.5.10",
      "resolved": "http://artifactory.intra.xiaojukeji.com:80/artifactory/api/npm/npm/follow-redirects/download/follow-redirects-1.5.10.tgz",
      "integrity": "sha1-e3qfmuov3/NnhqlP9kPtB/T/Xio=",
      "dependencies": {
        "debug": "=3.1.0"
      },
      "engines": {
        "node": ">=4.0"
      }
    },
    "node_modules/format-rmb": {
      "version": "1.2.3",
      "resolved": "https://npm.corp.kuaishou.com/format-rmb/-/format-rmb-1.2.3.tgz",
      "integrity": "sha1-pp88qv84aZNxFnr1edUwckU/8ik=",
      "license": "MIT"
    },
    "node_modules/js-tokens": {
      "version": "4.0.0",
      "resolved": "https://npm.corp.kuaishou.com/js-tokens/-/js-tokens-4.0.0.tgz",
      "integrity": "sha1-GSA/tZmR35jjoocFDUZHzerzJJk=",
      "dev": true,
      "license": "MIT"
    },
    "node_modules/loose-envify": {
      "version": "1.4.0",
      "resolved": "https://npm.corp.kuaishou.com/loose-envify/-/loose-envify-1.4.0.tgz",
      "integrity": "sha512-lyuxPGr/Wfhrlem2CL/UcnUc1zcqKAImBDzukY7Y5F/yQiNdko6+fRLevlw1HgMySw7f611UIY408EtxRSoK3Q==",
      "dev": true,
      "license": "MIT",
      "dependencies": {
        "js-tokens": "^3.0.0 || ^4.0.0"
      },
      "bin": {
        "loose-envify": "cli.js"
      }
    },
    "node_modules/ms": {
      "version": "2.0.0",
      "resolved": "http://artifactory.intra.xiaojukeji.com:80/artifactory/api/npm/npm/ms/download/ms-2.0.0.tgz",
      "integrity": "sha1-VgiurfwAvmwpAd9fmGF4jeDVl8g="
    },
    "node_modules/node-fetch": {
      "version": "2.6.1",
      "resolved": "http://npm.zhenguanyu.com/node-fetch/download/node-fetch-2.6.1.tgz",
      "integrity": "sha1-BFvTI2Mfdu0uK1VXM5RBa2OaAFI="
    },
    "node_modules/nzh": {
      "version": "1.0.5",
      "resolved": "https://npm.corp.kuaishou.com/nzh/-/nzh-1.0.5.tgz",
      "integrity": "sha1-XYBXyhCpO5sZiue9xd16C4Za8D8=",
      "license": "BSD-2-Clause"
    },
    "node_modules/pdf2json": {
      "version": "1.2.1",
      "resolved": "https://npm.corp.kuaishou.com/pdf2json/-/pdf2json-1.2.1.tgz",
      "integrity": "sha1-eJt7FLow/ChzRPafH914uUELMPs=",
      "bundleDependencies": [
        "xmldom",
        "lodash",
        "optimist",
        "async"
      ],
      "dependencies": {
        "async": "^3.2.0",
        "lodash": "^4.17.20",
        "optimist": "^0.6.1",
        "xmldom": "^0.5.0"
      },
      "bin": {
        "pdf2json": "bin/pdf2json"
      },
      "engines": {
        "node": ">=10.15.1"
      }
    },
    "node_modules/pdf2json/node_modules/async": {
      "version": "3.2.0",
      "inBundle": true,
      "license": "MIT"
    },
    "node_modules/pdf2json/node_modules/lodash": {
      "version": "4.17.15",
      "inBundle": true,
      "license": "MIT"
    },
    "node_modules/pdf2json/node_modules/minimist": {
      "version": "0.0.10",
      "inBundle": true,
      "license": "MIT"
    },
    "node_modules/pdf2json/node_modules/optimist": {
      "version": "0.6.1",
      "inBundle": true,
      "license": "MIT/X11",
      "dependencies": {
        "minimist": "~0.0.1",
        "wordwrap": "~0.0.2"
      }
    },
    "node_modules/pdf2json/node_modules/wordwrap": {
      "version": "0.0.3",
      "inBundle": true,
      "license": "MIT",
      "engines": {
        "node": ">=0.4.0"
      }
    },
    "node_modules/pdf2json/node_modules/xmldom": {
      "version": "0.3.0",
      "inBundle": true,
      "license": "(LGPL-2.0 OR MIT)",
      "engines": {
        "node": ">=10.0.0"
      }
    },
    "node_modules/pdfreader": {
      "version": "1.2.10",
      "resolved": "https://npm.corp.kuaishou.com/pdfreader/-/pdfreader-1.2.10.tgz",
      "integrity": "sha1-TLBaPBVdaKY43XozWlC5JqetyMw=",
      "license": "MIT",
      "dependencies": {
        "pdf2json": "1.2.1"
      }
    },
    "node_modules/react": {
      "version": "18.2.0",
      "resolved": "https://npm.corp.kuaishou.com/react/-/react-18.2.0.tgz",
      "integrity": "sha512-/3IjMdb2L9QbBdWiW5e3P2/npwMBaU9mHCSCUzNln0ZCYbcfTsGbTJrU/kGemdH2IWmB2ioZ+zkxtmq6g09fGQ==",
      "dev": true,
      "license": "MIT",
      "dependencies": {
        "loose-envify": "^1.1.0"
      },
      "engines": {
        "node": ">=0.10.0"
      }
    },
    "node_modules/react-dom": {
      "version": "18.2.0",
      "resolved": "https://npm.corp.kuaishou.com/react-dom/-/react-dom-18.2.0.tgz",
      "integrity": "sha512-6IMTriUmvsjHUjNtEDudZfuDQUoWXVxKHhlEGSk81n4YFS+r/Kl99wXiwlVXtPBtJenozv2P+hxDsw9eA7Xo6g==",
      "dev": true,
      "license": "MIT",
      "dependencies": {
        "loose-envify": "^1.1.0",
        "scheduler": "^0.23.0"
      },
      "peerDependencies": {
        "react": "^18.2.0"
      }
    },
    "node_modules/scheduler": {
      "version": "0.23.0",
      "resolved": "https://npm.corp.kuaishou.com/scheduler/-/scheduler-0.23.0.tgz",
      "integrity": "sha512-CtuThmgHNg7zIZWAXi3AsyIzA3n4xx7aNyjwC2VJldO2LMVDhFK+63xGqq6CsJH4rTAt6/M+N4GhZiDYPx9eUw==",
      "dev": true,
      "license": "MIT",
      "dependencies": {
        "loose-envify": "^1.1.0"
      }
    }
  },
  "dependencies": {
    "axios": {
      "version": "0.19.2",
      "resolved": "http://artifactory.intra.xiaojukeji.com:80/artifactory/api/npm/npm/axios/download/axios-0.19.2.tgz",
      "integrity": "sha1-PqNsXYgY0NX4qKl6bTa4bNwAyyc=",
      "requires": {
        "follow-redirects": "1.5.10"
      }
    },
    "debug": {
      "version": "3.1.0",
      "resolved": "http://artifactory.intra.xiaojukeji.com:80/artifactory/api/npm/npm/debug/download/debug-3.1.0.tgz",
      "integrity": "sha1-W7WgZyYotkFJVmuhaBnmFRjGcmE=",
      "requires": {
        "ms": "2.0.0"
      }
    },
    "follow-redirects": {
      "version": "1.5.10",
      "resolved": "http://artifactory.intra.xiaojukeji.com:80/artifactory/api/npm/npm/follow-redirects/download/follow-redirects-1.5.10.tgz",
      "integrity": "sha1-e3qfmuov3/NnhqlP9kPtB/T/Xio=",
      "requires": {
        "debug": "=3.1.0"
      }
    },
    "format-rmb": {
      "version": "1.2.3",
      "resolved": "https://npm.corp.kuaishou.com/format-rmb/-/format-rmb-1.2.3.tgz",
      "integrity": "sha1-pp88qv84aZNxFnr1edUwckU/8ik="
    },
    "js-tokens": {
      "version": "4.0.0",
      "resolved": "https://npm.corp.kuaishou.com/js-tokens/-/js-tokens-4.0.0.tgz",
      "integrity": "sha1-GSA/tZmR35jjoocFDUZHzerzJJk=",
      "dev": true
    },
    "loose-envify": {
      "version": "1.4.0",
      "resolved": "https://npm.corp.kuaishou.com/loose-envify/-/loose-envify-1.4.0.tgz",
      "integrity": "sha512-lyuxPGr/Wfhrlem2CL/UcnUc1zcqKAImBDzukY7Y5F/yQiNdko6+fRLevlw1HgMySw7f611UIY408EtxRSoK3Q==",
      "dev": true,
      "requires": {
        "js-tokens": "^3.0.0 || ^4.0.0"
      }
    },
    "ms": {
      "version": "2.0.0",
      "resolved": "http://artifactory.intra.xiaojukeji.com:80/artifactory/api/npm/npm/ms/download/ms-2.0.0.tgz",
      "integrity": "sha1-VgiurfwAvmwpAd9fmGF4jeDVl8g="
    },
    "node-fetch": {
      "version": "2.6.1",
      "resolved": "http://npm.zhenguanyu.com/node-fetch/download/node-fetch-2.6.1.tgz",
      "integrity": "sha1-BFvTI2Mfdu0uK1VXM5RBa2OaAFI="
    },
    "nzh": {
      "version": "1.0.5",
      "resolved": "https://npm.corp.kuaishou.com/nzh/-/nzh-1.0.5.tgz",
      "integrity": "sha1-XYBXyhCpO5sZiue9xd16C4Za8D8="
    },
    "pdf2json": {
      "version": "1.2.1",
      "resolved": "https://npm.corp.kuaishou.com/pdf2json/-/pdf2json-1.2.1.tgz",
      "integrity": "sha1-eJt7FLow/ChzRPafH914uUELMPs=",
      "requires": {
        "async": "^3.2.0",
        "lodash": "^4.17.20",
        "optimist": "^0.6.1",
        "xmldom": "^0.5.0"
      },
      "dependencies": {
        "async": {
          "version": "3.2.0",
          "bundled": true
        },
        "lodash": {
          "version": "4.17.15",
          "bundled": true
        },
        "minimist": {
          "version": "0.0.10",
          "bundled": true
        },
        "optimist": {
          "version": "0.6.1",
          "bundled": true,
          "requires": {
            "minimist": "~0.0.1",
            "wordwrap": "~0.0.2"
          }
        },
        "wordwrap": {
          "version": "0.0.3",
          "bundled": true
        },
        "xmldom": {
          "version": "0.3.0",
          "bundled": true
        }
      }
    },
    "pdfreader": {
      "version": "1.2.10",
      "resolved": "https://npm.corp.kuaishou.com/pdfreader/-/pdfreader-1.2.10.tgz",
      "integrity": "sha1-TLBaPBVdaKY43XozWlC5JqetyMw=",
      "requires": {
        "pdf2json": "1.2.1"
      }
    },
    "react": {
      "version": "18.2.0",
      "resolved": "https://npm.corp.kuaishou.com/react/-/react-18.2.0.tgz",
      "integrity": "sha512-/3IjMdb2L9QbBdWiW5e3P2/npwMBaU9mHCSCUzNln0ZCYbcfTsGbTJrU/kGemdH2IWmB2ioZ+zkxtmq6g09fGQ==",
      "dev": true,
      "requires": {
        "loose-envify": "^1.1.0"
      }
    },
    "react-dom": {
      "version": "18.2.0",
      "resolved": "https://npm.corp.kuaishou.com/react-dom/-/react-dom-18.2.0.tgz",
      "integrity": "sha512-6IMTriUmvsjHUjNtEDudZfuDQUoWXVxKHhlEGSk81n4YFS+r/Kl99wXiwlVXtPBtJenozv2P+hxDsw9eA7Xo6g==",
      "dev": true,
      "requires": {
        "loose-envify": "^1.1.0",
        "scheduler": "^0.23.0"
      }
    },
    "scheduler": {
      "version": "0.23.0",
      "resolved": "https://npm.corp.kuaishou.com/scheduler/-/scheduler-0.23.0.tgz",
      "integrity": "sha512-CtuThmgHNg7zIZWAXi3AsyIzA3n4xx7aNyjwC2VJldO2LMVDhFK+63xGqq6CsJH4rTAt6/M+N4GhZiDYPx9eUw==",
      "dev": true,
      "requires": {
        "loose-envify": "^1.1.0"
      }
    }
  }
}
